// !$*UTF8*$!
{
	archiveVersion = 1;
	classes = {
	};
	objectVersion = 51;
	objects = {

/* Begin PBXBuildFile section */
		42019DA223D060600044E44B /* KanaInfoViewController.swift in Sources */ = {isa = PBXBuildFile; fileRef = 42019DA123D060600044E44B /* KanaInfoViewController.swift */; };
		42427374242B78DC009D2330 /* ProgressDetailViewController.swift in Sources */ = {isa = PBXBuildFile; fileRef = 42427373242B78DC009D2330 /* ProgressDetailViewController.swift */; };
		425F5B4523FCF84400978211 /* CanvasViewController.swift in Sources */ = {isa = PBXBuildFile; fileRef = 425F5B4423FCF84400978211 /* CanvasViewController.swift */; };
		425F5B4723FD1C3E00978211 /* hiraganaModel3.mlmodel in Sources */ = {isa = PBXBuildFile; fileRef = 425F5B4623FD1C3E00978211 /* hiraganaModel3.mlmodel */; };
		425F5B4923FD1C4600978211 /* katakanaModel.mlmodel in Sources */ = {isa = PBXBuildFile; fileRef = 425F5B4823FD1C4600978211 /* katakanaModel.mlmodel */; };
		425F5B5023FE611900978211 /* UIImage+Extensions.swift in Sources */ = {isa = PBXBuildFile; fileRef = 425F5B4F23FE611900978211 /* UIImage+Extensions.swift */; };
		425F5B5223FE616400978211 /* CGRect+Extensions.swift in Sources */ = {isa = PBXBuildFile; fileRef = 425F5B5123FE616400978211 /* CGRect+Extensions.swift */; };
		42622D7F23D5ACDE0087D910 /* KanaData.json in Resources */ = {isa = PBXBuildFile; fileRef = 42622D7E23D5ACDE0087D910 /* KanaData.json */; };
		4267419523C32A5600776B56 /* ViewController+UIWebViewDelegate.swift in Sources */ = {isa = PBXBuildFile; fileRef = 4267419423C32A5600776B56 /* ViewController+UIWebViewDelegate.swift */; };
		426AAFD923BDD3CA001ECF4B /* svgsKana in Resources */ = {isa = PBXBuildFile; fileRef = 426AAFD823BDD3CA001ECF4B /* svgsKana */; };
		426AAFDD23C1A6BA001ECF4B /* ViewController+ARSessionDelegate.swift in Sources */ = {isa = PBXBuildFile; fileRef = 426AAFDC23C1A6BA001ECF4B /* ViewController+ARSessionDelegate.swift */; };
		426AAFDF23C1A751001ECF4B /* StatusViewController.swift in Sources */ = {isa = PBXBuildFile; fileRef = 426AAFDE23C1A751001ECF4B /* StatusViewController.swift */; };
		426AAFE123C2138B001ECF4B /* infinite.js in Resources */ = {isa = PBXBuildFile; fileRef = 426AAFE023C2138B001ECF4B /* infinite.js */; };
		426AAFE323C22A40001ECF4B /* asvg.js in Resources */ = {isa = PBXBuildFile; fileRef = 426AAFE223C22A40001ECF4B /* asvg.js */; };
		42731506247249E100C080A2 /* DailyRecord.swift in Sources */ = {isa = PBXBuildFile; fileRef = 42731505247249E100C080A2 /* DailyRecord.swift */; };
		42B3CF2C237EAADE003FD4AB /* AppDelegate.swift in Sources */ = {isa = PBXBuildFile; fileRef = 42B3CF2B237EAADE003FD4AB /* AppDelegate.swift */; };
		42B3CF30237EAADE003FD4AB /* ViewController.swift in Sources */ = {isa = PBXBuildFile; fileRef = 42B3CF2F237EAADE003FD4AB /* ViewController.swift */; };
		42B3CF33237EAADE003FD4AB /* Main.storyboard in Resources */ = {isa = PBXBuildFile; fileRef = 42B3CF31237EAADE003FD4AB /* Main.storyboard */; };
		42B3CF35237EAAE1003FD4AB /* Assets.xcassets in Resources */ = {isa = PBXBuildFile; fileRef = 42B3CF34237EAAE1003FD4AB /* Assets.xcassets */; };
		42B3CF38237EAAE1003FD4AB /* LaunchScreen.storyboard in Resources */ = {isa = PBXBuildFile; fileRef = 42B3CF36237EAAE1003FD4AB /* LaunchScreen.storyboard */; };
		42B3CF43237EAAE1003FD4AB /* KanARTests.swift in Sources */ = {isa = PBXBuildFile; fileRef = 42B3CF42237EAAE1003FD4AB /* KanARTests.swift */; };
		42B3CF4E237EAAE1003FD4AB /* KanARUITests.swift in Sources */ = {isa = PBXBuildFile; fileRef = 42B3CF4D237EAAE1003FD4AB /* KanARUITests.swift */; };
		42BC8EBB2417400300698E64 /* AudioPlaybackWorker.swift in Sources */ = {isa = PBXBuildFile; fileRef = 42BC8EBA2417400300698E64 /* AudioPlaybackWorker.swift */; };
		42BC8EBD2417422500698E64 /* SpeechRecognizerWorker.swift in Sources */ = {isa = PBXBuildFile; fileRef = 42BC8EBC2417422500698E64 /* SpeechRecognizerWorker.swift */; };
		42BC8EBF2417431000698E64 /* PopupWorker.swift in Sources */ = {isa = PBXBuildFile; fileRef = 42BC8EBE2417431000698E64 /* PopupWorker.swift */; };
		42BC8EC12417478C00698E64 /* VisionMLWorker.swift in Sources */ = {isa = PBXBuildFile; fileRef = 42BC8EC02417478C00698E64 /* VisionMLWorker.swift */; };
		42BC8EC72425EC5F00698E64 /* ProgressRecord.swift in Sources */ = {isa = PBXBuildFile; fileRef = 42BC8EC62425EC5F00698E64 /* ProgressRecord.swift */; };
		42BC8EC92425EFCE00698E64 /* RealmDBWorker.swift in Sources */ = {isa = PBXBuildFile; fileRef = 42BC8EC82425EFCE00698E64 /* RealmDBWorker.swift */; };
		42BC8ECB24273BF900698E64 /* ProgressViewController.swift in Sources */ = {isa = PBXBuildFile; fileRef = 42BC8ECA24273BF900698E64 /* ProgressViewController.swift */; };
		42BC8ECD24273E3300698E64 /* ProgressTableViewCell.swift in Sources */ = {isa = PBXBuildFile; fileRef = 42BC8ECC24273E3300698E64 /* ProgressTableViewCell.swift */; };
		4ABC89B8A75E99550ED79EDA /* Pods_KanAR_KanARUITests.framework in Frameworks */ = {isa = PBXBuildFile; fileRef = E1FBE25FBC39FF4819257893 /* Pods_KanAR_KanARUITests.framework */; };
		CA9605C2AC84774A8B6FAC97 /* Pods_KanARTests.framework in Frameworks */ = {isa = PBXBuildFile; fileRef = 6A0FA1103DC8482D532843F8 /* Pods_KanARTests.framework */; };
		DB61995ADFA0F7167ECE9330 /* Pods_KanAR.framework in Frameworks */ = {isa = PBXBuildFile; fileRef = 138C6BF649091DC7985273A3 /* Pods_KanAR.framework */; };
/* End PBXBuildFile section */

/* Begin PBXContainerItemProxy section */
		42B3CF3F237EAAE1003FD4AB /* PBXContainerItemProxy */ = {
			isa = PBXContainerItemProxy;
			containerPortal = 42B3CF20237EAADE003FD4AB /* Project object */;
			proxyType = 1;
			remoteGlobalIDString = 42B3CF27237EAADE003FD4AB;
			remoteInfo = KanAR;
		};
		42B3CF4A237EAAE1003FD4AB /* PBXContainerItemProxy */ = {
			isa = PBXContainerItemProxy;
			containerPortal = 42B3CF20237EAADE003FD4AB /* Project object */;
			proxyType = 1;
			remoteGlobalIDString = 42B3CF27237EAADE003FD4AB;
			remoteInfo = KanAR;
		};
/* End PBXContainerItemProxy section */

/* Begin PBXFileReference section */
		138C6BF649091DC7985273A3 /* Pods_KanAR.framework */ = {isa = PBXFileReference; explicitFileType = wrapper.framework; includeInIndex = 0; path = Pods_KanAR.framework; sourceTree = BUILT_PRODUCTS_DIR; };
		18BDE69A4571DBE91ADD51C2 /* Pods-KanAR.debug.xcconfig */ = {isa = PBXFileReference; includeInIndex = 1; lastKnownFileType = text.xcconfig; name = "Pods-KanAR.debug.xcconfig"; path = "Target Support Files/Pods-KanAR/Pods-KanAR.debug.xcconfig"; sourceTree = "<group>"; };
		34045A35396B61B7F8FE6FC0 /* Pods-KanARTests.debug.xcconfig */ = {isa = PBXFileReference; includeInIndex = 1; lastKnownFileType = text.xcconfig; name = "Pods-KanARTests.debug.xcconfig"; path = "Target Support Files/Pods-KanARTests/Pods-KanARTests.debug.xcconfig"; sourceTree = "<group>"; };
		42019DA123D060600044E44B /* KanaInfoViewController.swift */ = {isa = PBXFileReference; lastKnownFileType = sourcecode.swift; path = KanaInfoViewController.swift; sourceTree = "<group>"; };
		42427373242B78DC009D2330 /* ProgressDetailViewController.swift */ = {isa = PBXFileReference; lastKnownFileType = sourcecode.swift; path = ProgressDetailViewController.swift; sourceTree = "<group>"; };
		425F5B4423FCF84400978211 /* CanvasViewController.swift */ = {isa = PBXFileReference; lastKnownFileType = sourcecode.swift; path = CanvasViewController.swift; sourceTree = "<group>"; };
		425F5B4623FD1C3E00978211 /* hiraganaModel3.mlmodel */ = {isa = PBXFileReference; lastKnownFileType = file.mlmodel; path = hiraganaModel3.mlmodel; sourceTree = "<group>"; };
		425F5B4823FD1C4600978211 /* katakanaModel.mlmodel */ = {isa = PBXFileReference; lastKnownFileType = file.mlmodel; path = katakanaModel.mlmodel; sourceTree = "<group>"; };
		425F5B4F23FE611900978211 /* UIImage+Extensions.swift */ = {isa = PBXFileReference; lastKnownFileType = sourcecode.swift; path = "UIImage+Extensions.swift"; sourceTree = "<group>"; };
		425F5B5123FE616400978211 /* CGRect+Extensions.swift */ = {isa = PBXFileReference; lastKnownFileType = sourcecode.swift; path = "CGRect+Extensions.swift"; sourceTree = "<group>"; };
		42622D7E23D5ACDE0087D910 /* KanaData.json */ = {isa = PBXFileReference; fileEncoding = 4; lastKnownFileType = text.json; path = KanaData.json; sourceTree = "<group>"; };
		4267419423C32A5600776B56 /* ViewController+UIWebViewDelegate.swift */ = {isa = PBXFileReference; lastKnownFileType = sourcecode.swift; path = "ViewController+UIWebViewDelegate.swift"; sourceTree = "<group>"; };
		426AAFD823BDD3CA001ECF4B /* svgsKana */ = {isa = PBXFileReference; lastKnownFileType = folder; path = svgsKana; sourceTree = "<group>"; };
		426AAFDC23C1A6BA001ECF4B /* ViewController+ARSessionDelegate.swift */ = {isa = PBXFileReference; lastKnownFileType = sourcecode.swift; path = "ViewController+ARSessionDelegate.swift"; sourceTree = "<group>"; };
		426AAFDE23C1A751001ECF4B /* StatusViewController.swift */ = {isa = PBXFileReference; lastKnownFileType = sourcecode.swift; path = StatusViewController.swift; sourceTree = "<group>"; };
		426AAFE023C2138B001ECF4B /* infinite.js */ = {isa = PBXFileReference; fileEncoding = 4; lastKnownFileType = sourcecode.javascript; path = infinite.js; sourceTree = "<group>"; };
		426AAFE223C22A40001ECF4B /* asvg.js */ = {isa = PBXFileReference; fileEncoding = 4; lastKnownFileType = sourcecode.javascript; path = asvg.js; sourceTree = "<group>"; };
		42731505247249E100C080A2 /* DailyRecord.swift */ = {isa = PBXFileReference; lastKnownFileType = sourcecode.swift; path = DailyRecord.swift; sourceTree = "<group>"; };
		42B3CF28237EAADE003FD4AB /* KanAR.app */ = {isa = PBXFileReference; explicitFileType = wrapper.application; includeInIndex = 0; path = KanAR.app; sourceTree = BUILT_PRODUCTS_DIR; };
		42B3CF2B237EAADE003FD4AB /* AppDelegate.swift */ = {isa = PBXFileReference; lastKnownFileType = sourcecode.swift; path = AppDelegate.swift; sourceTree = "<group>"; };
		42B3CF2F237EAADE003FD4AB /* ViewController.swift */ = {isa = PBXFileReference; lastKnownFileType = sourcecode.swift; path = ViewController.swift; sourceTree = "<group>"; };
		42B3CF32237EAADE003FD4AB /* Base */ = {isa = PBXFileReference; lastKnownFileType = file.storyboard; name = Base; path = Base.lproj/Main.storyboard; sourceTree = "<group>"; };
		42B3CF34237EAAE1003FD4AB /* Assets.xcassets */ = {isa = PBXFileReference; lastKnownFileType = folder.assetcatalog; path = Assets.xcassets; sourceTree = "<group>"; };
		42B3CF37237EAAE1003FD4AB /* Base */ = {isa = PBXFileReference; lastKnownFileType = file.storyboard; name = Base; path = Base.lproj/LaunchScreen.storyboard; sourceTree = "<group>"; };
		42B3CF39237EAAE1003FD4AB /* Info.plist */ = {isa = PBXFileReference; lastKnownFileType = text.plist.xml; path = Info.plist; sourceTree = "<group>"; };
		42B3CF3E237EAAE1003FD4AB /* KanARTests.xctest */ = {isa = PBXFileReference; explicitFileType = wrapper.cfbundle; includeInIndex = 0; path = KanARTests.xctest; sourceTree = BUILT_PRODUCTS_DIR; };
		42B3CF42237EAAE1003FD4AB /* KanARTests.swift */ = {isa = PBXFileReference; lastKnownFileType = sourcecode.swift; path = KanARTests.swift; sourceTree = "<group>"; };
		42B3CF44237EAAE1003FD4AB /* Info.plist */ = {isa = PBXFileReference; lastKnownFileType = text.plist.xml; path = Info.plist; sourceTree = "<group>"; };
		42B3CF49237EAAE1003FD4AB /* KanARUITests.xctest */ = {isa = PBXFileReference; explicitFileType = wrapper.cfbundle; includeInIndex = 0; path = KanARUITests.xctest; sourceTree = BUILT_PRODUCTS_DIR; };
		42B3CF4D237EAAE1003FD4AB /* KanARUITests.swift */ = {isa = PBXFileReference; lastKnownFileType = sourcecode.swift; path = KanARUITests.swift; sourceTree = "<group>"; };
		42B3CF4F237EAAE1003FD4AB /* Info.plist */ = {isa = PBXFileReference; lastKnownFileType = text.plist.xml; path = Info.plist; sourceTree = "<group>"; };
		42BC8EBA2417400300698E64 /* AudioPlaybackWorker.swift */ = {isa = PBXFileReference; lastKnownFileType = sourcecode.swift; path = AudioPlaybackWorker.swift; sourceTree = "<group>"; };
		42BC8EBC2417422500698E64 /* SpeechRecognizerWorker.swift */ = {isa = PBXFileReference; lastKnownFileType = sourcecode.swift; path = SpeechRecognizerWorker.swift; sourceTree = "<group>"; };
		42BC8EBE2417431000698E64 /* PopupWorker.swift */ = {isa = PBXFileReference; lastKnownFileType = sourcecode.swift; path = PopupWorker.swift; sourceTree = "<group>"; };
		42BC8EC02417478C00698E64 /* VisionMLWorker.swift */ = {isa = PBXFileReference; lastKnownFileType = sourcecode.swift; path = VisionMLWorker.swift; sourceTree = "<group>"; };
		42BC8EC62425EC5F00698E64 /* ProgressRecord.swift */ = {isa = PBXFileReference; lastKnownFileType = sourcecode.swift; path = ProgressRecord.swift; sourceTree = "<group>"; };
		42BC8EC82425EFCE00698E64 /* RealmDBWorker.swift */ = {isa = PBXFileReference; lastKnownFileType = sourcecode.swift; path = RealmDBWorker.swift; sourceTree = "<group>"; };
		42BC8ECA24273BF900698E64 /* ProgressViewController.swift */ = {isa = PBXFileReference; lastKnownFileType = sourcecode.swift; path = ProgressViewController.swift; sourceTree = "<group>"; };
		42BC8ECC24273E3300698E64 /* ProgressTableViewCell.swift */ = {isa = PBXFileReference; lastKnownFileType = sourcecode.swift; path = ProgressTableViewCell.swift; sourceTree = "<group>"; };
		6A0FA1103DC8482D532843F8 /* Pods_KanARTests.framework */ = {isa = PBXFileReference; explicitFileType = wrapper.framework; includeInIndex = 0; path = Pods_KanARTests.framework; sourceTree = BUILT_PRODUCTS_DIR; };
		769AD9B2FB7022BAFAD88FCF /* Pods-KanAR.release.xcconfig */ = {isa = PBXFileReference; includeInIndex = 1; lastKnownFileType = text.xcconfig; name = "Pods-KanAR.release.xcconfig"; path = "Target Support Files/Pods-KanAR/Pods-KanAR.release.xcconfig"; sourceTree = "<group>"; };
		817F3EA61AFCA08CC85626C8 /* Pods-KanAR-KanARUITests.debug.xcconfig */ = {isa = PBXFileReference; includeInIndex = 1; lastKnownFileType = text.xcconfig; name = "Pods-KanAR-KanARUITests.debug.xcconfig"; path = "Target Support Files/Pods-KanAR-KanARUITests/Pods-KanAR-KanARUITests.debug.xcconfig"; sourceTree = "<group>"; };
		E1FBE25FBC39FF4819257893 /* Pods_KanAR_KanARUITests.framework */ = {isa = PBXFileReference; explicitFileType = wrapper.framework; includeInIndex = 0; path = Pods_KanAR_KanARUITests.framework; sourceTree = BUILT_PRODUCTS_DIR; };
		E34080925C3278C568D11928 /* Pods-KanARTests.release.xcconfig */ = {isa = PBXFileReference; includeInIndex = 1; lastKnownFileType = text.xcconfig; name = "Pods-KanARTests.release.xcconfig"; path = "Target Support Files/Pods-KanARTests/Pods-KanARTests.release.xcconfig"; sourceTree = "<group>"; };
		EA5CF1CAF3C6D73B668DE5D9 /* Pods-KanAR-KanARUITests.release.xcconfig */ = {isa = PBXFileReference; includeInIndex = 1; lastKnownFileType = text.xcconfig; name = "Pods-KanAR-KanARUITests.release.xcconfig"; path = "Target Support Files/Pods-KanAR-KanARUITests/Pods-KanAR-KanARUITests.release.xcconfig"; sourceTree = "<group>"; };
/* End PBXFileReference section */

/* Begin PBXFrameworksBuildPhase section */
		42B3CF25237EAADE003FD4AB /* Frameworks */ = {
			isa = PBXFrameworksBuildPhase;
			buildActionMask = 2147483647;
			files = (
				DB61995ADFA0F7167ECE9330 /* Pods_KanAR.framework in Frameworks */,
			);
			runOnlyForDeploymentPostprocessing = 0;
		};
		42B3CF3B237EAAE1003FD4AB /* Frameworks */ = {
			isa = PBXFrameworksBuildPhase;
			buildActionMask = 2147483647;
			files = (
				CA9605C2AC84774A8B6FAC97 /* Pods_KanARTests.framework in Frameworks */,
			);
			runOnlyForDeploymentPostprocessing = 0;
		};
		42B3CF46237EAAE1003FD4AB /* Frameworks */ = {
			isa = PBXFrameworksBuildPhase;
			buildActionMask = 2147483647;
			files = (
				4ABC89B8A75E99550ED79EDA /* Pods_KanAR_KanARUITests.framework in Frameworks */,
			);
			runOnlyForDeploymentPostprocessing = 0;
		};
/* End PBXFrameworksBuildPhase section */

/* Begin PBXGroup section */
		0E69ED96E3485699B0CA79CA /* Pods */ = {
			isa = PBXGroup;
			children = (
				18BDE69A4571DBE91ADD51C2 /* Pods-KanAR.debug.xcconfig */,
				769AD9B2FB7022BAFAD88FCF /* Pods-KanAR.release.xcconfig */,
				817F3EA61AFCA08CC85626C8 /* Pods-KanAR-KanARUITests.debug.xcconfig */,
				EA5CF1CAF3C6D73B668DE5D9 /* Pods-KanAR-KanARUITests.release.xcconfig */,
				34045A35396B61B7F8FE6FC0 /* Pods-KanARTests.debug.xcconfig */,
				E34080925C3278C568D11928 /* Pods-KanARTests.release.xcconfig */,
			);
			path = Pods;
			sourceTree = "<group>";
		};
		42B3CF1F237EAADE003FD4AB = {
			isa = PBXGroup;
			children = (
				42B3CF2A237EAADE003FD4AB /* KanAR */,
				42B3CF41237EAAE1003FD4AB /* KanARTests */,
				42B3CF4C237EAAE1003FD4AB /* KanARUITests */,
				42B3CF29237EAADE003FD4AB /* Products */,
				0E69ED96E3485699B0CA79CA /* Pods */,
				F7B15ADEC14EF4F84D9942FD /* Frameworks */,
			);
			sourceTree = "<group>";
		};
		42B3CF29237EAADE003FD4AB /* Products */ = {
			isa = PBXGroup;
			children = (
				42B3CF28237EAADE003FD4AB /* KanAR.app */,
				42B3CF3E237EAAE1003FD4AB /* KanARTests.xctest */,
				42B3CF49237EAAE1003FD4AB /* KanARUITests.xctest */,
			);
			name = Products;
			sourceTree = "<group>";
		};
		42B3CF2A237EAADE003FD4AB /* KanAR */ = {
			isa = PBXGroup;
			children = (
				425F5B4623FD1C3E00978211 /* hiraganaModel3.mlmodel */,
				425F5B4823FD1C4600978211 /* katakanaModel.mlmodel */,
				42B3CF2B237EAADE003FD4AB /* AppDelegate.swift */,
				42B3CF2F237EAADE003FD4AB /* ViewController.swift */,
				4267419423C32A5600776B56 /* ViewController+UIWebViewDelegate.swift */,
				426AAFDC23C1A6BA001ECF4B /* ViewController+ARSessionDelegate.swift */,
				426AAFDE23C1A751001ECF4B /* StatusViewController.swift */,
				42B3CF31237EAADE003FD4AB /* Main.storyboard */,
				42427373242B78DC009D2330 /* ProgressDetailViewController.swift */,
				42BC8ECA24273BF900698E64 /* ProgressViewController.swift */,
				42BC8ECC24273E3300698E64 /* ProgressTableViewCell.swift */,
				42019DA123D060600044E44B /* KanaInfoViewController.swift */,
				42BC8EBE2417431000698E64 /* PopupWorker.swift */,
				42BC8EBC2417422500698E64 /* SpeechRecognizerWorker.swift */,
				42BC8EBA2417400300698E64 /* AudioPlaybackWorker.swift */,
				42BC8EC02417478C00698E64 /* VisionMLWorker.swift */,
				425F5B4423FCF84400978211 /* CanvasViewController.swift */,
				425F5B5123FE616400978211 /* CGRect+Extensions.swift */,
				425F5B4F23FE611900978211 /* UIImage+Extensions.swift */,
				42BC8EC62425EC5F00698E64 /* ProgressRecord.swift */,
				42731505247249E100C080A2 /* DailyRecord.swift */,
				42BC8EC82425EFCE00698E64 /* RealmDBWorker.swift */,
				426AAFE023C2138B001ECF4B /* infinite.js */,
				426AAFE223C22A40001ECF4B /* asvg.js */,
				42622D7E23D5ACDE0087D910 /* KanaData.json */,
				42B3CF34237EAAE1003FD4AB /* Assets.xcassets */,
				426AAFD823BDD3CA001ECF4B /* svgsKana */,
				42B3CF36237EAAE1003FD4AB /* LaunchScreen.storyboard */,
				42B3CF39237EAAE1003FD4AB /* Info.plist */,
			);
			path = KanAR;
			sourceTree = "<group>";
		};
		42B3CF41237EAAE1003FD4AB /* KanARTests */ = {
			isa = PBXGroup;
			children = (
				42B3CF42237EAAE1003FD4AB /* KanARTests.swift */,
				42B3CF44237EAAE1003FD4AB /* Info.plist */,
			);
			path = KanARTests;
			sourceTree = "<group>";
		};
		42B3CF4C237EAAE1003FD4AB /* KanARUITests */ = {
			isa = PBXGroup;
			children = (
				42B3CF4D237EAAE1003FD4AB /* KanARUITests.swift */,
				42B3CF4F237EAAE1003FD4AB /* Info.plist */,
			);
			path = KanARUITests;
			sourceTree = "<group>";
		};
		F7B15ADEC14EF4F84D9942FD /* Frameworks */ = {
			isa = PBXGroup;
			children = (
				138C6BF649091DC7985273A3 /* Pods_KanAR.framework */,
				E1FBE25FBC39FF4819257893 /* Pods_KanAR_KanARUITests.framework */,
				6A0FA1103DC8482D532843F8 /* Pods_KanARTests.framework */,
			);
			name = Frameworks;
			sourceTree = "<group>";
		};
/* End PBXGroup section */

/* Begin PBXNativeTarget section */
		42B3CF27237EAADE003FD4AB /* KanAR */ = {
			isa = PBXNativeTarget;
			buildConfigurationList = 42B3CF52237EAAE1003FD4AB /* Build configuration list for PBXNativeTarget "KanAR" */;
			buildPhases = (
				3059655CDE2ABD46BE366381 /* [CP] Check Pods Manifest.lock */,
				42B3CF24237EAADE003FD4AB /* Sources */,
				42B3CF25237EAADE003FD4AB /* Frameworks */,
				42B3CF26237EAADE003FD4AB /* Resources */,
				D7BC58863CA12E4A66BDDEC8 /* [CP] Embed Pods Frameworks */,
			);
			buildRules = (
			);
			dependencies = (
			);
			name = KanAR;
			productName = KanAR;
			productReference = 42B3CF28237EAADE003FD4AB /* KanAR.app */;
			productType = "com.apple.product-type.application";
		};
		42B3CF3D237EAAE1003FD4AB /* KanARTests */ = {
			isa = PBXNativeTarget;
			buildConfigurationList = 42B3CF55237EAAE1003FD4AB /* Build configuration list for PBXNativeTarget "KanARTests" */;
			buildPhases = (
				E9CD496B0BBE39E563327965 /* [CP] Check Pods Manifest.lock */,
				42B3CF3A237EAAE1003FD4AB /* Sources */,
				42B3CF3B237EAAE1003FD4AB /* Frameworks */,
				42B3CF3C237EAAE1003FD4AB /* Resources */,
			);
			buildRules = (
			);
			dependencies = (
				42B3CF40237EAAE1003FD4AB /* PBXTargetDependency */,
			);
			name = KanARTests;
			productName = KanARTests;
			productReference = 42B3CF3E237EAAE1003FD4AB /* KanARTests.xctest */;
			productType = "com.apple.product-type.bundle.unit-test";
		};
		42B3CF48237EAAE1003FD4AB /* KanARUITests */ = {
			isa = PBXNativeTarget;
			buildConfigurationList = 42B3CF58237EAAE1003FD4AB /* Build configuration list for PBXNativeTarget "KanARUITests" */;
			buildPhases = (
				B15F49C518B307AD000FF29C /* [CP] Check Pods Manifest.lock */,
				42B3CF45237EAAE1003FD4AB /* Sources */,
				42B3CF46237EAAE1003FD4AB /* Frameworks */,
				42B3CF47237EAAE1003FD4AB /* Resources */,
				139980A07E5DF7D76F0B8139 /* [CP] Embed Pods Frameworks */,
			);
			buildRules = (
			);
			dependencies = (
				42B3CF4B237EAAE1003FD4AB /* PBXTargetDependency */,
			);
			name = KanARUITests;
			productName = KanARUITests;
			productReference = 42B3CF49237EAAE1003FD4AB /* KanARUITests.xctest */;
			productType = "com.apple.product-type.bundle.ui-testing";
		};
/* End PBXNativeTarget section */

/* Begin PBXProject section */
		42B3CF20237EAADE003FD4AB /* Project object */ = {
			isa = PBXProject;
			attributes = {
				LastSwiftUpdateCheck = 1120;
				LastUpgradeCheck = 1120;
				ORGANIZATIONNAME = "Kin Wa Lam";
				TargetAttributes = {
					42B3CF27237EAADE003FD4AB = {
						CreatedOnToolsVersion = 11.2.1;
					};
					42B3CF3D237EAAE1003FD4AB = {
						CreatedOnToolsVersion = 11.2.1;
						TestTargetID = 42B3CF27237EAADE003FD4AB;
					};
					42B3CF48237EAAE1003FD4AB = {
						CreatedOnToolsVersion = 11.2.1;
						TestTargetID = 42B3CF27237EAADE003FD4AB;
					};
				};
			};
			buildConfigurationList = 42B3CF23237EAADE003FD4AB /* Build configuration list for PBXProject "KanAR" */;
			compatibilityVersion = "Xcode 9.3";
			developmentRegion = en;
			hasScannedForEncodings = 0;
			knownRegions = (
				en,
				Base,
			);
			mainGroup = 42B3CF1F237EAADE003FD4AB;
			productRefGroup = 42B3CF29237EAADE003FD4AB /* Products */;
			projectDirPath = "";
			projectRoot = "";
			targets = (
				42B3CF27237EAADE003FD4AB /* KanAR */,
				42B3CF3D237EAAE1003FD4AB /* KanARTests */,
				42B3CF48237EAAE1003FD4AB /* KanARUITests */,
			);
		};
/* End PBXProject section */

/* Begin PBXResourcesBuildPhase section */
		42B3CF26237EAADE003FD4AB /* Resources */ = {
			isa = PBXResourcesBuildPhase;
			buildActionMask = 2147483647;
			files = (
				42B3CF38237EAAE1003FD4AB /* LaunchScreen.storyboard in Resources */,
				426AAFE123C2138B001ECF4B /* infinite.js in Resources */,
				42B3CF35237EAAE1003FD4AB /* Assets.xcassets in Resources */,
				426AAFE323C22A40001ECF4B /* asvg.js in Resources */,
				426AAFD923BDD3CA001ECF4B /* svgsKana in Resources */,
				42B3CF33237EAADE003FD4AB /* Main.storyboard in Resources */,
				42622D7F23D5ACDE0087D910 /* KanaData.json in Resources */,
			);
			runOnlyForDeploymentPostprocessing = 0;
		};
		42B3CF3C237EAAE1003FD4AB /* Resources */ = {
			isa = PBXResourcesBuildPhase;
			buildActionMask = 2147483647;
			files = (
			);
			runOnlyForDeploymentPostprocessing = 0;
		};
		42B3CF47237EAAE1003FD4AB /* Resources */ = {
			isa = PBXResourcesBuildPhase;
			buildActionMask = 2147483647;
			files = (
			);
			runOnlyForDeploymentPostprocessing = 0;
		};
/* End PBXResourcesBuildPhase section */

/* Begin PBXShellScriptBuildPhase section */
		139980A07E5DF7D76F0B8139 /* [CP] Embed Pods Frameworks */ = {
			isa = PBXShellScriptBuildPhase;
			buildActionMask = 2147483647;
			files = (
			);
			inputFileListPaths = (
				"${PODS_ROOT}/Target Support Files/Pods-KanAR-KanARUITests/Pods-KanAR-KanARUITests-frameworks-${CONFIGURATION}-input-files.xcfilelist",
			);
			name = "[CP] Embed Pods Frameworks";
			outputFileListPaths = (
				"${PODS_ROOT}/Target Support Files/Pods-KanAR-KanARUITests/Pods-KanAR-KanARUITests-frameworks-${CONFIGURATION}-output-files.xcfilelist",
			);
			runOnlyForDeploymentPostprocessing = 0;
			shellPath = /bin/sh;
			shellScript = "\"${PODS_ROOT}/Target Support Files/Pods-KanAR-KanARUITests/Pods-KanAR-KanARUITests-frameworks.sh\"\n";
			showEnvVarsInLog = 0;
		};
		3059655CDE2ABD46BE366381 /* [CP] Check Pods Manifest.lock */ = {
			isa = PBXShellScriptBuildPhase;
			buildActionMask = 2147483647;
			files = (
			);
			inputFileListPaths = (
			);
			inputPaths = (
				"${PODS_PODFILE_DIR_PATH}/Podfile.lock",
				"${PODS_ROOT}/Manifest.lock",
			);
			name = "[CP] Check Pods Manifest.lock";
			outputFileListPaths = (
			);
			outputPaths = (
				"$(DERIVED_FILE_DIR)/Pods-KanAR-checkManifestLockResult.txt",
			);
			runOnlyForDeploymentPostprocessing = 0;
			shellPath = /bin/sh;
			shellScript = "diff \"${PODS_PODFILE_DIR_PATH}/Podfile.lock\" \"${PODS_ROOT}/Manifest.lock\" > /dev/null\nif [ $? != 0 ] ; then\n    # print error to STDERR\n    echo \"error: The sandbox is not in sync with the Podfile.lock. Run 'pod install' or update your CocoaPods installation.\" >&2\n    exit 1\nfi\n# This output is used by Xcode 'outputs' to avoid re-running this script phase.\necho \"SUCCESS\" > \"${SCRIPT_OUTPUT_FILE_0}\"\n";
			showEnvVarsInLog = 0;
		};
		B15F49C518B307AD000FF29C /* [CP] Check Pods Manifest.lock */ = {
			isa = PBXShellScriptBuildPhase;
			buildActionMask = 2147483647;
			files = (
			);
			inputFileListPaths = (
			);
			inputPaths = (
				"${PODS_PODFILE_DIR_PATH}/Podfile.lock",
				"${PODS_ROOT}/Manifest.lock",
			);
			name = "[CP] Check Pods Manifest.lock";
			outputFileListPaths = (
			);
			outputPaths = (
				"$(DERIVED_FILE_DIR)/Pods-KanAR-KanARUITests-checkManifestLockResult.txt",
			);
			runOnlyForDeploymentPostprocessing = 0;
			shellPath = /bin/sh;
			shellScript = "diff \"${PODS_PODFILE_DIR_PATH}/Podfile.lock\" \"${PODS_ROOT}/Manifest.lock\" > /dev/null\nif [ $? != 0 ] ; then\n    # print error to STDERR\n    echo \"error: The sandbox is not in sync with the Podfile.lock. Run 'pod install' or update your CocoaPods installation.\" >&2\n    exit 1\nfi\n# This output is used by Xcode 'outputs' to avoid re-running this script phase.\necho \"SUCCESS\" > \"${SCRIPT_OUTPUT_FILE_0}\"\n";
			showEnvVarsInLog = 0;
		};
		D7BC58863CA12E4A66BDDEC8 /* [CP] Embed Pods Frameworks */ = {
			isa = PBXShellScriptBuildPhase;
			buildActionMask = 2147483647;
			files = (
			);
			inputFileListPaths = (
				"${PODS_ROOT}/Target Support Files/Pods-KanAR/Pods-KanAR-frameworks-${CONFIGURATION}-input-files.xcfilelist",
			);
			name = "[CP] Embed Pods Frameworks";
			outputFileListPaths = (
				"${PODS_ROOT}/Target Support Files/Pods-KanAR/Pods-KanAR-frameworks-${CONFIGURATION}-output-files.xcfilelist",
			);
			runOnlyForDeploymentPostprocessing = 0;
			shellPath = /bin/sh;
			shellScript = "\"${PODS_ROOT}/Target Support Files/Pods-KanAR/Pods-KanAR-frameworks.sh\"\n";
			showEnvVarsInLog = 0;
		};
		E9CD496B0BBE39E563327965 /* [CP] Check Pods Manifest.lock */ = {
			isa = PBXShellScriptBuildPhase;
			buildActionMask = 2147483647;
			files = (
			);
			inputFileListPaths = (
			);
			inputPaths = (
				"${PODS_PODFILE_DIR_PATH}/Podfile.lock",
				"${PODS_ROOT}/Manifest.lock",
			);
			name = "[CP] Check Pods Manifest.lock";
			outputFileListPaths = (
			);
			outputPaths = (
				"$(DERIVED_FILE_DIR)/Pods-KanARTests-checkManifestLockResult.txt",
			);
			runOnlyForDeploymentPostprocessing = 0;
			shellPath = /bin/sh;
			shellScript = "diff \"${PODS_PODFILE_DIR_PATH}/Podfile.lock\" \"${PODS_ROOT}/Manifest.lock\" > /dev/null\nif [ $? != 0 ] ; then\n    # print error to STDERR\n    echo \"error: The sandbox is not in sync with the Podfile.lock. Run 'pod install' or update your CocoaPods installation.\" >&2\n    exit 1\nfi\n# This output is used by Xcode 'outputs' to avoid re-running this script phase.\necho \"SUCCESS\" > \"${SCRIPT_OUTPUT_FILE_0}\"\n";
			showEnvVarsInLog = 0;
		};
/* End PBXShellScriptBuildPhase section */

/* Begin PBXSourcesBuildPhase section */
		42B3CF24237EAADE003FD4AB /* Sources */ = {
			isa = PBXSourcesBuildPhase;
			buildActionMask = 2147483647;
			files = (
				425F5B5223FE616400978211 /* CGRect+Extensions.swift in Sources */,
				425F5B4923FD1C4600978211 /* katakanaModel.mlmodel in Sources */,
				425F5B4523FCF84400978211 /* CanvasViewController.swift in Sources */,
				42BC8EC72425EC5F00698E64 /* ProgressRecord.swift in Sources */,
				42BC8EBD2417422500698E64 /* SpeechRecognizerWorker.swift in Sources */,
				42BC8EBB2417400300698E64 /* AudioPlaybackWorker.swift in Sources */,
				425F5B4723FD1C3E00978211 /* hiraganaModel3.mlmodel in Sources */,
				4267419523C32A5600776B56 /* ViewController+UIWebViewDelegate.swift in Sources */,
				426AAFDF23C1A751001ECF4B /* StatusViewController.swift in Sources */,
				42BC8EBF2417431000698E64 /* PopupWorker.swift in Sources */,
				42731506247249E100C080A2 /* DailyRecord.swift in Sources */,
				426AAFDD23C1A6BA001ECF4B /* ViewController+ARSessionDelegate.swift in Sources */,
				42B3CF30237EAADE003FD4AB /* ViewController.swift in Sources */,
				42BC8ECD24273E3300698E64 /* ProgressTableViewCell.swift in Sources */,
				425F5B5023FE611900978211 /* UIImage+Extensions.swift in Sources */,
				42B3CF2C237EAADE003FD4AB /* AppDelegate.swift in Sources */,
				42BC8EC12417478C00698E64 /* VisionMLWorker.swift in Sources */,
				42427374242B78DC009D2330 /* ProgressDetailViewController.swift in Sources */,
				42BC8ECB24273BF900698E64 /* ProgressViewController.swift in Sources */,
				42BC8EC92425EFCE00698E64 /* RealmDBWorker.swift in Sources */,
				42019DA223D060600044E44B /* KanaInfoViewController.swift in Sources */,
			);
			runOnlyForDeploymentPostprocessing = 0;
		};
		42B3CF3A237EAAE1003FD4AB /* Sources */ = {
			isa = PBXSourcesBuildPhase;
			buildActionMask = 2147483647;
			files = (
				42B3CF43237EAAE1003FD4AB /* KanARTests.swift in Sources */,
			);
			runOnlyForDeploymentPostprocessing = 0;
		};
		42B3CF45237EAAE1003FD4AB /* Sources */ = {
			isa = PBXSourcesBuildPhase;
			buildActionMask = 2147483647;
			files = (
				42B3CF4E237EAAE1003FD4AB /* KanARUITests.swift in Sources */,
			);
			runOnlyForDeploymentPostprocessing = 0;
		};
/* End PBXSourcesBuildPhase section */

/* Begin PBXTargetDependency section */
		42B3CF40237EAAE1003FD4AB /* PBXTargetDependency */ = {
			isa = PBXTargetDependency;
			target = 42B3CF27237EAADE003FD4AB /* KanAR */;
			targetProxy = 42B3CF3F237EAAE1003FD4AB /* PBXContainerItemProxy */;
		};
		42B3CF4B237EAAE1003FD4AB /* PBXTargetDependency */ = {
			isa = PBXTargetDependency;
			target = 42B3CF27237EAADE003FD4AB /* KanAR */;
			targetProxy = 42B3CF4A237EAAE1003FD4AB /* PBXContainerItemProxy */;
		};
/* End PBXTargetDependency section */

/* Begin PBXVariantGroup section */
		42B3CF31237EAADE003FD4AB /* Main.storyboard */ = {
			isa = PBXVariantGroup;
			children = (
				42B3CF32237EAADE003FD4AB /* Base */,
			);
			name = Main.storyboard;
			sourceTree = "<group>";
		};
		42B3CF36237EAAE1003FD4AB /* LaunchScreen.storyboard */ = {
			isa = PBXVariantGroup;
			children = (
				42B3CF37237EAAE1003FD4AB /* Base */,
			);
			name = LaunchScreen.storyboard;
			sourceTree = "<group>";
		};
/* End PBXVariantGroup section */

/* Begin XCBuildConfiguration section */
		42B3CF50237EAAE1003FD4AB /* Debug */ = {
			isa = XCBuildConfiguration;
			buildSettings = {
				ALWAYS_SEARCH_USER_PATHS = NO;
				CLANG_ANALYZER_NONNULL = YES;
				CLANG_ANALYZER_NUMBER_OBJECT_CONVERSION = YES_AGGRESSIVE;
				CLANG_CXX_LANGUAGE_STANDARD = "gnu++14";
				CLANG_CXX_LIBRARY = "libc++";
				CLANG_ENABLE_MODULES = YES;
				CLANG_ENABLE_OBJC_ARC = YES;
				CLANG_ENABLE_OBJC_WEAK = YES;
				CLANG_WARN_BLOCK_CAPTURE_AUTORELEASING = YES;
				CLANG_WARN_BOOL_CONVERSION = YES;
				CLANG_WARN_COMMA = YES;
				CLANG_WARN_CONSTANT_CONVERSION = YES;
				CLANG_WARN_DEPRECATED_OBJC_IMPLEMENTATIONS = YES;
				CLANG_WARN_DIRECT_OBJC_ISA_USAGE = YES_ERROR;
				CLANG_WARN_DOCUMENTATION_COMMENTS = YES;
				CLANG_WARN_EMPTY_BODY = YES;
				CLANG_WARN_ENUM_CONVERSION = YES;
				CLANG_WARN_INFINITE_RECURSION = YES;
				CLANG_WARN_INT_CONVERSION = YES;
				CLANG_WARN_NON_LITERAL_NULL_CONVERSION = YES;
				CLANG_WARN_OBJC_IMPLICIT_RETAIN_SELF = YES;
				CLANG_WARN_OBJC_LITERAL_CONVERSION = YES;
				CLANG_WARN_OBJC_ROOT_CLASS = YES_ERROR;
				CLANG_WARN_RANGE_LOOP_ANALYSIS = YES;
				CLANG_WARN_STRICT_PROTOTYPES = YES;
				CLANG_WARN_SUSPICIOUS_MOVE = YES;
				CLANG_WARN_UNGUARDED_AVAILABILITY = YES_AGGRESSIVE;
				CLANG_WARN_UNREACHABLE_CODE = YES;
				CLANG_WARN__DUPLICATE_METHOD_MATCH = YES;
				COPY_PHASE_STRIP = NO;
				DEBUG_INFORMATION_FORMAT = dwarf;
				ENABLE_STRICT_OBJC_MSGSEND = YES;
				ENABLE_TESTABILITY = YES;
				GCC_C_LANGUAGE_STANDARD = gnu11;
				GCC_DYNAMIC_NO_PIC = NO;
				GCC_NO_COMMON_BLOCKS = YES;
				GCC_OPTIMIZATION_LEVEL = 0;
				GCC_PREPROCESSOR_DEFINITIONS = (
					"DEBUG=1",
					"$(inherited)",
				);
				GCC_WARN_64_TO_32_BIT_CONVERSION = YES;
				GCC_WARN_ABOUT_RETURN_TYPE = YES_ERROR;
				GCC_WARN_UNDECLARED_SELECTOR = YES;
				GCC_WARN_UNINITIALIZED_AUTOS = YES_AGGRESSIVE;
				GCC_WARN_UNUSED_FUNCTION = YES;
				GCC_WARN_UNUSED_VARIABLE = YES;
				IPHONEOS_DEPLOYMENT_TARGET = 13.2;
				MTL_ENABLE_DEBUG_INFO = INCLUDE_SOURCE;
				MTL_FAST_MATH = YES;
				ONLY_ACTIVE_ARCH = YES;
				SDKROOT = iphoneos;
				SWIFT_ACTIVE_COMPILATION_CONDITIONS = DEBUG;
				SWIFT_OPTIMIZATION_LEVEL = "-Onone";
			};
			name = Debug;
		};
		42B3CF51237EAAE1003FD4AB /* Release */ = {
			isa = XCBuildConfiguration;
			buildSettings = {
				ALWAYS_SEARCH_USER_PATHS = NO;
				CLANG_ANALYZER_NONNULL = YES;
				CLANG_ANALYZER_NUMBER_OBJECT_CONVERSION = YES_AGGRESSIVE;
				CLANG_CXX_LANGUAGE_STANDARD = "gnu++14";
				CLANG_CXX_LIBRARY = "libc++";
				CLANG_ENABLE_MODULES = YES;
				CLANG_ENABLE_OBJC_ARC = YES;
				CLANG_ENABLE_OBJC_WEAK = YES;
				CLANG_WARN_BLOCK_CAPTURE_AUTORELEASING = YES;
				CLANG_WARN_BOOL_CONVERSION = YES;
				CLANG_WARN_COMMA = YES;
				CLANG_WARN_CONSTANT_CONVERSION = YES;
				CLANG_WARN_DEPRECATED_OBJC_IMPLEMENTATIONS = YES;
				CLANG_WARN_DIRECT_OBJC_ISA_USAGE = YES_ERROR;
				CLANG_WARN_DOCUMENTATION_COMMENTS = YES;
				CLANG_WARN_EMPTY_BODY = YES;
				CLANG_WARN_ENUM_CONVERSION = YES;
				CLANG_WARN_INFINITE_RECURSION = YES;
				CLANG_WARN_INT_CONVERSION = YES;
				CLANG_WARN_NON_LITERAL_NULL_CONVERSION = YES;
				CLANG_WARN_OBJC_IMPLICIT_RETAIN_SELF = YES;
				CLANG_WARN_OBJC_LITERAL_CONVERSION = YES;
				CLANG_WARN_OBJC_ROOT_CLASS = YES_ERROR;
				CLANG_WARN_RANGE_LOOP_ANALYSIS = YES;
				CLANG_WARN_STRICT_PROTOTYPES = YES;
				CLANG_WARN_SUSPICIOUS_MOVE = YES;
				CLANG_WARN_UNGUARDED_AVAILABILITY = YES_AGGRESSIVE;
				CLANG_WARN_UNREACHABLE_CODE = YES;
				CLANG_WARN__DUPLICATE_METHOD_MATCH = YES;
				COPY_PHASE_STRIP = NO;
				DEBUG_INFORMATION_FORMAT = "dwarf-with-dsym";
				ENABLE_NS_ASSERTIONS = NO;
				ENABLE_STRICT_OBJC_MSGSEND = YES;
				GCC_C_LANGUAGE_STANDARD = gnu11;
				GCC_NO_COMMON_BLOCKS = YES;
				GCC_WARN_64_TO_32_BIT_CONVERSION = YES;
				GCC_WARN_ABOUT_RETURN_TYPE = YES_ERROR;
				GCC_WARN_UNDECLARED_SELECTOR = YES;
				GCC_WARN_UNINITIALIZED_AUTOS = YES_AGGRESSIVE;
				GCC_WARN_UNUSED_FUNCTION = YES;
				GCC_WARN_UNUSED_VARIABLE = YES;
				IPHONEOS_DEPLOYMENT_TARGET = 13.2;
				MTL_ENABLE_DEBUG_INFO = NO;
				MTL_FAST_MATH = YES;
				SDKROOT = iphoneos;
				SWIFT_COMPILATION_MODE = wholemodule;
				SWIFT_OPTIMIZATION_LEVEL = "-O";
				VALIDATE_PRODUCT = YES;
			};
			name = Release;
		};
		42B3CF53237EAAE1003FD4AB /* Debug */ = {
			isa = XCBuildConfiguration;
			baseConfigurationReference = 18BDE69A4571DBE91ADD51C2 /* Pods-KanAR.debug.xcconfig */;
			buildSettings = {
				ASSETCATALOG_COMPILER_APPICON_NAME = AppIcon;
				CODE_SIGN_IDENTITY = "Apple Development";
				CODE_SIGN_STYLE = Automatic;
				DEVELOPMENT_TEAM = R3W953ED69;
				INFOPLIST_FILE = KanAR/Info.plist;
				IPHONEOS_DEPLOYMENT_TARGET = 13.0;
				LD_RUNPATH_SEARCH_PATHS = (
					"$(inherited)",
					"@executable_path/Frameworks",
				);
				PRODUCT_BUNDLE_IDENTIFIER = kinwalam.KanAR;
				PRODUCT_NAME = "$(TARGET_NAME)";
				PROVISIONING_PROFILE_SPECIFIER = "";
				SWIFT_VERSION = 5.0;
				TARGETED_DEVICE_FAMILY = "1,2";
			};
			name = Debug;
		};
		42B3CF54237EAAE1003FD4AB /* Release */ = {
			isa = XCBuildConfiguration;
			baseConfigurationReference = 769AD9B2FB7022BAFAD88FCF /* Pods-KanAR.release.xcconfig */;
			buildSettings = {
				ASSETCATALOG_COMPILER_APPICON_NAME = AppIcon;
				CODE_SIGN_IDENTITY = "Apple Development";
				CODE_SIGN_STYLE = Automatic;
				DEVELOPMENT_TEAM = R3W953ED69;
				INFOPLIST_FILE = KanAR/Info.plist;
				IPHONEOS_DEPLOYMENT_TARGET = 13.0;
				LD_RUNPATH_SEARCH_PATHS = (
					"$(inherited)",
					"@executable_path/Frameworks",
				);
				PRODUCT_BUNDLE_IDENTIFIER = kinwalam.KanAR;
				PRODUCT_NAME = "$(TARGET_NAME)";
				PROVISIONING_PROFILE_SPECIFIER = "";
				SWIFT_VERSION = 5.0;
				TARGETED_DEVICE_FAMILY = "1,2";
			};
			name = Release;
		};
		42B3CF56237EAAE1003FD4AB /* Debug */ = {
			isa = XCBuildConfiguration;
			baseConfigurationReference = 34045A35396B61B7F8FE6FC0 /* Pods-KanARTests.debug.xcconfig */;
			buildSettings = {
				ALWAYS_EMBED_SWIFT_STANDARD_LIBRARIES = YES;
				BUNDLE_LOADER = "$(TEST_HOST)";
				CODE_SIGN_STYLE = Automatic;
				DEVELOPMENT_TEAM = R3W953ED69;
				INFOPLIST_FILE = KanARTests/Info.plist;
				IPHONEOS_DEPLOYMENT_TARGET = 13.2;
				LD_RUNPATH_SEARCH_PATHS = (
					"$(inherited)",
					"@executable_path/Frameworks",
					"@loader_path/Frameworks",
				);
				PRODUCT_BUNDLE_IDENTIFIER = kinwalam.KanARTests;
				PRODUCT_NAME = "$(TARGET_NAME)";
				SWIFT_VERSION = 5.0;
				TARGETED_DEVICE_FAMILY = "1,2";
				TEST_HOST = "$(BUILT_PRODUCTS_DIR)/KanAR.app/KanAR";
			};
			name = Debug;
		};
		42B3CF57237EAAE1003FD4AB /* Release */ = {
			isa = XCBuildConfiguration;
			baseConfigurationReference = E34080925C3278C568D11928 /* Pods-KanARTests.release.xcconfig */;
			buildSettings = {
				ALWAYS_EMBED_SWIFT_STANDARD_LIBRARIES = YES;
				BUNDLE_LOADER = "$(TEST_HOST)";
				CODE_SIGN_STYLE = Automatic;
				DEVELOPMENT_TEAM = R3W953ED69;
				INFOPLIST_FILE = KanARTests/Info.plist;
				IPHONEOS_DEPLOYMENT_TARGET = 13.2;
				LD_RUNPATH_SEARCH_PATHS = (
					"$(inherited)",
					"@executable_path/Frameworks",
					"@loader_path/Frameworks",
				);
				PRODUCT_BUNDLE_IDENTIFIER = kinwalam.KanARTests;
				PRODUCT_NAME = "$(TARGET_NAME)";
				SWIFT_VERSION = 5.0;
				TARGETED_DEVICE_FAMILY = "1,2";
				TEST_HOST = "$(BUILT_PRODUCTS_DIR)/KanAR.app/KanAR";
			};
			name = Release;
		};
		42B3CF59237EAAE1003FD4AB /* Debug */ = {
			isa = XCBuildConfiguration;
			baseConfigurationReference = 817F3EA61AFCA08CC85626C8 /* Pods-KanAR-KanARUITests.debug.xcconfig */;
			buildSettings = {
				ALWAYS_EMBED_SWIFT_STANDARD_LIBRARIES = YES;
				CODE_SIGN_STYLE = Automatic;
				DEVELOPMENT_TEAM = R3W953ED69;
				INFOPLIST_FILE = KanARUITests/Info.plist;
				LD_RUNPATH_SEARCH_PATHS = (
					"$(inherited)",
					"@executable_path/Frameworks",
					"@loader_path/Frameworks",
				);
				PRODUCT_BUNDLE_IDENTIFIER = kinwalam.KanARUITests;
				PRODUCT_NAME = "$(TARGET_NAME)";
				SWIFT_VERSION = 5.0;
				TARGETED_DEVICE_FAMILY = "1,2";
				TEST_TARGET_NAME = KanAR;
			};
			name = Debug;
		};
		42B3CF5A237EAAE1003FD4AB /* Release */ = {
			isa = XCBuildConfiguration;
			baseConfigurationReference = EA5CF1CAF3C6D73B668DE5D9 /* Pods-KanAR-KanARUITests.release.xcconfig */;
			buildSettings = {
				ALWAYS_EMBED_SWIFT_STANDARD_LIBRARIES = YES;
				CODE_SIGN_STYLE = Automatic;
				DEVELOPMENT_TEAM = R3W953ED69;
				INFOPLIST_FILE = KanARUITests/Info.plist;
				LD_RUNPATH_SEARCH_PATHS = (
					"$(inherited)",
					"@executable_path/Frameworks",
					"@loader_path/Frameworks",
				);
				PRODUCT_BUNDLE_IDENTIFIER = kinwalam.KanARUITests;
				PRODUCT_NAME = "$(TARGET_NAME)";
				SWIFT_VERSION = 5.0;
				TARGETED_DEVICE_FAMILY = "1,2";
				TEST_TARGET_NAME = KanAR;
			};
			name = Release;
		};
/* End XCBuildConfiguration section */

/* Begin XCConfigurationList section */
		42B3CF23237EAADE003FD4AB /* Build configuration list for PBXProject "KanAR" */ = {
			isa = XCConfigurationList;
			buildConfigurations = (
				42B3CF50237EAAE1003FD4AB /* Debug */,
				42B3CF51237EAAE1003FD4AB /* Release */,
			);
			defaultConfigurationIsVisible = 0;
			defaultConfigurationName = Release;
		};
		42B3CF52237EAAE1003FD4AB /* Build configuration list for PBXNativeTarget "KanAR" */ = {
			isa = XCConfigurationList;
			buildConfigurations = (
				42B3CF53237EAAE1003FD4AB /* Debug */,
				42B3CF54237EAAE1003FD4AB /* Release */,
			);
			defaultConfigurationIsVisible = 0;
			defaultConfigurationName = Release;
		};
		42B3CF55237EAAE1003FD4AB /* Build configuration list for PBXNativeTarget "KanARTests" */ = {
			isa = XCConfigurationList;
			buildConfigurations = (
				42B3CF56237EAAE1003FD4AB /* Debug */,
				42B3CF57237EAAE1003FD4AB /* Release */,
			);
			defaultConfigurationIsVisible = 0;
			defaultConfigurationName = Release;
		};
		42B3CF58237EAAE1003FD4AB /* Build configuration list for PBXNativeTarget "KanARUITests" */ = {
			isa = XCConfigurationList;
			buildConfigurations = (
				42B3CF59237EAAE1003FD4AB /* Debug */,
				42B3CF5A237EAAE1003FD4AB /* Release */,
			);
			defaultConfigurationIsVisible = 0;
			defaultConfigurationName = Release;
		};
/* End XCConfigurationList section */
	};
	rootObject = 42B3CF20237EAADE003FD4AB /* Project object */;
}
